
Microsoft Visual Studio Solution File, Format Version 12.00
# Visual Studio Version 17
VisualStudioVersion = 17.0.31903.59
MinimumVisualStudioVersion = 10.0.40219.1
Project("{2150E333-8FDC-42A3-9474-1A3956D46DE8}") = "bfast", "bfast", "{F3260C54-834F-4C74-A3B7-EAB622AFA492}"
EndProject
Project("{9A19103F-16F7-4668-BE54-9A1E7A4F7556}") = "Vim.BFast", "bfast\Vim.BFast\Vim.BFast.csproj", "{1059A7DE-95FA-4F54-85E3-84049E1872D5}"
EndProject
Project("{9A19103F-16F7-4668-BE54-9A1E7A4F7556}") = "Vim.BFast.Tests", "bfast\Vim.BFast.Tests\Vim.BFast.Tests.csproj", "{000ED0CF-EC9C-488C-BE85-14B95FFDF104}"
EndProject
Project("{2150E333-8FDC-42A3-9474-1A3956D46DE8}") = "linqarray", "linqarray", "{CF54EDFD-51AB-4B0D-B084-2DF42918BA51}"
EndProject
Project("{9A19103F-16F7-4668-BE54-9A1E7A4F7556}") = "Vim.LinqArray", "linqarray\Vim.LinqArray\Vim.LinqArray.csproj", "{07CA1F46-21DA-4C22-A8CB-52D526D51C94}"
EndProject
Project("{9A19103F-16F7-4668-BE54-9A1E7A4F7556}") = "Vim.LinqArray.Tests", "linqarray\Vim.LinqArray.Tests\Vim.LinqArray.Tests.csproj", "{461788B0-072C-485F-82C0-F83CCC86F95D}"
EndProject
Project("{2150E333-8FDC-42A3-9474-1A3956D46DE8}") = "math3d", "math3d", "{9BD3CC85-97FD-4093-AA11-58FE405B0F65}"
EndProject
Project("{9A19103F-16F7-4668-BE54-9A1E7A4F7556}") = "Vim.Math3D", "math3d\Vim.Math3D\Vim.Math3D.csproj", "{1086F24E-32C8-4261-9B06-A364EEE71DEF}"
EndProject
Project("{9A19103F-16F7-4668-BE54-9A1E7A4F7556}") = "Vim.Math3D.Tests", "math3d\Vim.Math3D.Tests\Vim.Math3D.Tests.csproj", "{1CC20AA4-11F1-4548-9285-FD24D42190FB}"
EndProject
Project("{2150E333-8FDC-42A3-9474-1A3956D46DE8}") = "vim", "vim", "{D639C635-01D1-48C4-89B5-1FD70F1AFEE9}"
EndProject
Project("{9A19103F-16F7-4668-BE54-9A1E7A4F7556}") = "Vim.Format", "vim\Vim.Format\Vim.Format.csproj", "{22278D91-27D7-4A84-8170-5FFB77A70C1F}"
EndProject
Project("{2150E333-8FDC-42A3-9474-1A3956D46DE8}") = "g3d", "g3d", "{705B8FB2-D707-4527-91FC-0AADEDBA4D80}"
EndProject
Project("{9A19103F-16F7-4668-BE54-9A1E7A4F7556}") = "Vim.G3d.Tests", "g3d\Vim.G3d.Tests\Vim.G3d.Tests.csproj", "{DFC8DC5E-377D-4CCC-A498-5894D891A471}"
EndProject
Project("{9A19103F-16F7-4668-BE54-9A1E7A4F7556}") = "Vim.G3d", "g3d\Vim.G3d\Vim.G3d.csproj", "{F1EC1E94-C74C-4C37-961C-305CAE7C4707}"
EndProject
Project("{9A19103F-16F7-4668-BE54-9A1E7A4F7556}") = "Vim.G3d.AssimpWrapper", "g3d\Vim.G3d.AssimpWrapper\Vim.G3d.AssimpWrapper.csproj", "{16DBF49F-3E0C-4CD3-BB6C-1BBAF0D89AC6}"
EndProject
Project("{9A19103F-16F7-4668-BE54-9A1E7A4F7556}") = "Vim.Format.CodeGen", "vim\Vim.Format.CodeGen\Vim.Format.CodeGen.csproj", "{762E8B1A-9182-4C5D-A25C-0C0F6219BA4E}"
EndProject
Project("{9A19103F-16F7-4668-BE54-9A1E7A4F7556}") = "Vim.Format.Tests", "vim\Vim.Format.Tests\Vim.Format.Tests.csproj", "{2CB4CF73-0CA8-4595-910C-EDA244EA5983}"
EndProject
Project("{9A19103F-16F7-4668-BE54-9A1E7A4F7556}") = "Vim.Format.Core", "vim\Vim.Format.Core\Vim.Format.Core.csproj", "{2C798994-518D-4EA5-8F8A-3EAA30269F9E}"
EndProject
Project("{9A19103F-16F7-4668-BE54-9A1E7A4F7556}") = "Vim.Util", "util\Vim.Util\Vim.Util.csproj", "{EC00B2EC-3CF0-43C3-A071-320AD3C355CF}"
EndProject
Project("{9A19103F-16F7-4668-BE54-9A1E7A4F7556}") = "Vim.Util.Tests", "util\Vim.Util.Tests\Vim.Util.Tests.csproj", "{F7091670-1059-4F4F-AC3A-0B1DE4A724B5}"
EndProject
Project("{2150E333-8FDC-42A3-9474-1A3956D46DE8}") = "util", "util", "{A279C2F9-3418-484B-A36E-D1D1C67A0B2D}"
EndProject
Project("{9A19103F-16F7-4668-BE54-9A1E7A4F7556}") = "Vim.Util.Logging.Serilog", "util\Vim.Util.Logging.Serilog\Vim.Util.Logging.Serilog.csproj", "{6B9E6432-A7BB-4487-905A-0C3117398140}"
EndProject
Project("{2150E333-8FDC-42A3-9474-1A3956D46DE8}") = "samples", "samples", "{E2EBD5E0-81EC-4720-833C-05ECE1BA84A1}"
EndProject
Project("{9A19103F-16F7-4668-BE54-9A1E7A4F7556}") = "Vim.JsonDigest", "samples\Vim.JsonDigest\Vim.JsonDigest.csproj", "{A315C6D7-BEFF-4BD6-9786-88959E579F5D}"
EndProject
Project("{9A19103F-16F7-4668-BE54-9A1E7A4F7556}") = "Vim.JsonDigest.Tests", "samples\Vim.JsonDigest.Tests\Vim.JsonDigest.Tests.csproj", "{E09ADC19-3E9F-4DD5-AB74-A9EB765ED894}"
EndProject
Project("{9A19103F-16F7-4668-BE54-9A1E7A4F7556}") = "Vim.JsonDigest.AzureFunction", "samples\Vim.JsonDigest.AzureFunction\Vim.JsonDigest.AzureFunction.csproj", "{A0FA4646-67AC-4310-9BA5-53D2D7CF218F}"
EndProject
Project("{9A19103F-16F7-4668-BE54-9A1E7A4F7556}") = "Vim.Gltf.Converter", "samples\Vim.Gltf.Converter\Vim.Gltf.Converter.csproj", "{8C81050A-951C-418F-BBA8-76EE0353863C}"
EndProject
Project("{9A19103F-16F7-4668-BE54-9A1E7A4F7556}") = "Vim.Gltf.Converter.Tests", "samples\Vim.Gltf.Converter.Tests\Vim.Gltf.Converter.Tests.csproj", "{902CF0A5-3433-4CF4-AEFB-E1E0E7A5A3F3}"
EndProject
Global
	GlobalSection(SolutionConfigurationPlatforms) = preSolution
		Debug|Any CPU = Debug|Any CPU
		Release|Any CPU = Release|Any CPU
	EndGlobalSection
	GlobalSection(ProjectConfigurationPlatforms) = postSolution
		{1059A7DE-95FA-4F54-85E3-84049E1872D5}.Debug|Any CPU.ActiveCfg = Debug|Any CPU
		{1059A7DE-95FA-4F54-85E3-84049E1872D5}.Debug|Any CPU.Build.0 = Debug|Any CPU
		{1059A7DE-95FA-4F54-85E3-84049E1872D5}.Release|Any CPU.ActiveCfg = Release|Any CPU
		{1059A7DE-95FA-4F54-85E3-84049E1872D5}.Release|Any CPU.Build.0 = Release|Any CPU
		{000ED0CF-EC9C-488C-BE85-14B95FFDF104}.Debug|Any CPU.ActiveCfg = Debug|Any CPU
		{000ED0CF-EC9C-488C-BE85-14B95FFDF104}.Debug|Any CPU.Build.0 = Debug|Any CPU
		{000ED0CF-EC9C-488C-BE85-14B95FFDF104}.Release|Any CPU.ActiveCfg = Release|Any CPU
		{000ED0CF-EC9C-488C-BE85-14B95FFDF104}.Release|Any CPU.Build.0 = Release|Any CPU
		{07CA1F46-21DA-4C22-A8CB-52D526D51C94}.Debug|Any CPU.ActiveCfg = Debug|Any CPU
		{07CA1F46-21DA-4C22-A8CB-52D526D51C94}.Debug|Any CPU.Build.0 = Debug|Any CPU
		{07CA1F46-21DA-4C22-A8CB-52D526D51C94}.Release|Any CPU.ActiveCfg = Release|Any CPU
		{07CA1F46-21DA-4C22-A8CB-52D526D51C94}.Release|Any CPU.Build.0 = Release|Any CPU
		{461788B0-072C-485F-82C0-F83CCC86F95D}.Debug|Any CPU.ActiveCfg = Debug|Any CPU
		{461788B0-072C-485F-82C0-F83CCC86F95D}.Debug|Any CPU.Build.0 = Debug|Any CPU
		{461788B0-072C-485F-82C0-F83CCC86F95D}.Release|Any CPU.ActiveCfg = Release|Any CPU
		{461788B0-072C-485F-82C0-F83CCC86F95D}.Release|Any CPU.Build.0 = Release|Any CPU
		{1086F24E-32C8-4261-9B06-A364EEE71DEF}.Debug|Any CPU.ActiveCfg = Debug|Any CPU
		{1086F24E-32C8-4261-9B06-A364EEE71DEF}.Debug|Any CPU.Build.0 = Debug|Any CPU
		{1086F24E-32C8-4261-9B06-A364EEE71DEF}.Release|Any CPU.ActiveCfg = Release|Any CPU
		{1086F24E-32C8-4261-9B06-A364EEE71DEF}.Release|Any CPU.Build.0 = Release|Any CPU
		{1CC20AA4-11F1-4548-9285-FD24D42190FB}.Debug|Any CPU.ActiveCfg = Debug|Any CPU
		{1CC20AA4-11F1-4548-9285-FD24D42190FB}.Debug|Any CPU.Build.0 = Debug|Any CPU
		{1CC20AA4-11F1-4548-9285-FD24D42190FB}.Release|Any CPU.ActiveCfg = Release|Any CPU
		{1CC20AA4-11F1-4548-9285-FD24D42190FB}.Release|Any CPU.Build.0 = Release|Any CPU
		{22278D91-27D7-4A84-8170-5FFB77A70C1F}.Debug|Any CPU.ActiveCfg = Debug|Any CPU
		{22278D91-27D7-4A84-8170-5FFB77A70C1F}.Debug|Any CPU.Build.0 = Debug|Any CPU
		{22278D91-27D7-4A84-8170-5FFB77A70C1F}.Release|Any CPU.ActiveCfg = Release|Any CPU
		{22278D91-27D7-4A84-8170-5FFB77A70C1F}.Release|Any CPU.Build.0 = Release|Any CPU
		{DFC8DC5E-377D-4CCC-A498-5894D891A471}.Debug|Any CPU.ActiveCfg = Debug|Any CPU
		{DFC8DC5E-377D-4CCC-A498-5894D891A471}.Debug|Any CPU.Build.0 = Debug|Any CPU
		{DFC8DC5E-377D-4CCC-A498-5894D891A471}.Release|Any CPU.ActiveCfg = Release|Any CPU
		{DFC8DC5E-377D-4CCC-A498-5894D891A471}.Release|Any CPU.Build.0 = Release|Any CPU
		{F1EC1E94-C74C-4C37-961C-305CAE7C4707}.Debug|Any CPU.ActiveCfg = Debug|Any CPU
		{F1EC1E94-C74C-4C37-961C-305CAE7C4707}.Debug|Any CPU.Build.0 = Debug|Any CPU
		{F1EC1E94-C74C-4C37-961C-305CAE7C4707}.Release|Any CPU.ActiveCfg = Release|Any CPU
		{F1EC1E94-C74C-4C37-961C-305CAE7C4707}.Release|Any CPU.Build.0 = Release|Any CPU
		{16DBF49F-3E0C-4CD3-BB6C-1BBAF0D89AC6}.Debug|Any CPU.ActiveCfg = Debug|Any CPU
		{16DBF49F-3E0C-4CD3-BB6C-1BBAF0D89AC6}.Debug|Any CPU.Build.0 = Debug|Any CPU
		{16DBF49F-3E0C-4CD3-BB6C-1BBAF0D89AC6}.Release|Any CPU.ActiveCfg = Release|Any CPU
		{16DBF49F-3E0C-4CD3-BB6C-1BBAF0D89AC6}.Release|Any CPU.Build.0 = Release|Any CPU
		{762E8B1A-9182-4C5D-A25C-0C0F6219BA4E}.Debug|Any CPU.ActiveCfg = Debug|Any CPU
		{762E8B1A-9182-4C5D-A25C-0C0F6219BA4E}.Debug|Any CPU.Build.0 = Debug|Any CPU
		{762E8B1A-9182-4C5D-A25C-0C0F6219BA4E}.Release|Any CPU.ActiveCfg = Release|Any CPU
		{762E8B1A-9182-4C5D-A25C-0C0F6219BA4E}.Release|Any CPU.Build.0 = Release|Any CPU
		{2CB4CF73-0CA8-4595-910C-EDA244EA5983}.Debug|Any CPU.ActiveCfg = Debug|Any CPU
		{2CB4CF73-0CA8-4595-910C-EDA244EA5983}.Debug|Any CPU.Build.0 = Debug|Any CPU
		{2CB4CF73-0CA8-4595-910C-EDA244EA5983}.Release|Any CPU.ActiveCfg = Release|Any CPU
		{2CB4CF73-0CA8-4595-910C-EDA244EA5983}.Release|Any CPU.Build.0 = Release|Any CPU
		{2C798994-518D-4EA5-8F8A-3EAA30269F9E}.Debug|Any CPU.ActiveCfg = Debug|Any CPU
		{2C798994-518D-4EA5-8F8A-3EAA30269F9E}.Debug|Any CPU.Build.0 = Debug|Any CPU
		{2C798994-518D-4EA5-8F8A-3EAA30269F9E}.Release|Any CPU.ActiveCfg = Release|Any CPU
		{2C798994-518D-4EA5-8F8A-3EAA30269F9E}.Release|Any CPU.Build.0 = Release|Any CPU
		{EC00B2EC-3CF0-43C3-A071-320AD3C355CF}.Debug|Any CPU.ActiveCfg = Debug|Any CPU
		{EC00B2EC-3CF0-43C3-A071-320AD3C355CF}.Debug|Any CPU.Build.0 = Debug|Any CPU
		{EC00B2EC-3CF0-43C3-A071-320AD3C355CF}.Release|Any CPU.ActiveCfg = Release|Any CPU
		{EC00B2EC-3CF0-43C3-A071-320AD3C355CF}.Release|Any CPU.Build.0 = Release|Any CPU
		{F7091670-1059-4F4F-AC3A-0B1DE4A724B5}.Debug|Any CPU.ActiveCfg = Debug|Any CPU
		{F7091670-1059-4F4F-AC3A-0B1DE4A724B5}.Debug|Any CPU.Build.0 = Debug|Any CPU
		{F7091670-1059-4F4F-AC3A-0B1DE4A724B5}.Release|Any CPU.ActiveCfg = Release|Any CPU
		{F7091670-1059-4F4F-AC3A-0B1DE4A724B5}.Release|Any CPU.Build.0 = Release|Any CPU
		{6B9E6432-A7BB-4487-905A-0C3117398140}.Debug|Any CPU.ActiveCfg = Debug|Any CPU
		{6B9E6432-A7BB-4487-905A-0C3117398140}.Debug|Any CPU.Build.0 = Debug|Any CPU
		{6B9E6432-A7BB-4487-905A-0C3117398140}.Release|Any CPU.ActiveCfg = Release|Any CPU
		{6B9E6432-A7BB-4487-905A-0C3117398140}.Release|Any CPU.Build.0 = Release|Any CPU
		{A315C6D7-BEFF-4BD6-9786-88959E579F5D}.Debug|Any CPU.ActiveCfg = Debug|Any CPU
		{A315C6D7-BEFF-4BD6-9786-88959E579F5D}.Debug|Any CPU.Build.0 = Debug|Any CPU
		{A315C6D7-BEFF-4BD6-9786-88959E579F5D}.Release|Any CPU.ActiveCfg = Release|Any CPU
		{A315C6D7-BEFF-4BD6-9786-88959E579F5D}.Release|Any CPU.Build.0 = Release|Any CPU
		{E09ADC19-3E9F-4DD5-AB74-A9EB765ED894}.Debug|Any CPU.ActiveCfg = Debug|Any CPU
		{E09ADC19-3E9F-4DD5-AB74-A9EB765ED894}.Debug|Any CPU.Build.0 = Debug|Any CPU
		{E09ADC19-3E9F-4DD5-AB74-A9EB765ED894}.Release|Any CPU.ActiveCfg = Release|Any CPU
		{E09ADC19-3E9F-4DD5-AB74-A9EB765ED894}.Release|Any CPU.Build.0 = Release|Any CPU
		{A0FA4646-67AC-4310-9BA5-53D2D7CF218F}.Debug|Any CPU.ActiveCfg = Debug|Any CPU
		{A0FA4646-67AC-4310-9BA5-53D2D7CF218F}.Debug|Any CPU.Build.0 = Debug|Any CPU
		{A0FA4646-67AC-4310-9BA5-53D2D7CF218F}.Release|Any CPU.ActiveCfg = Release|Any CPU
		{A0FA4646-67AC-4310-9BA5-53D2D7CF218F}.Release|Any CPU.Build.0 = Release|Any CPU
		{8C81050A-951C-418F-BBA8-76EE0353863C}.Debug|Any CPU.ActiveCfg = Debug|Any CPU
		{8C81050A-951C-418F-BBA8-76EE0353863C}.Debug|Any CPU.Build.0 = Debug|Any CPU
		{8C81050A-951C-418F-BBA8-76EE0353863C}.Release|Any CPU.ActiveCfg = Release|Any CPU
		{8C81050A-951C-418F-BBA8-76EE0353863C}.Release|Any CPU.Build.0 = Release|Any CPU
		{902CF0A5-3433-4CF4-AEFB-E1E0E7A5A3F3}.Debug|Any CPU.ActiveCfg = Debug|Any CPU
		{902CF0A5-3433-4CF4-AEFB-E1E0E7A5A3F3}.Debug|Any CPU.Build.0 = Debug|Any CPU
		{902CF0A5-3433-4CF4-AEFB-E1E0E7A5A3F3}.Release|Any CPU.ActiveCfg = Release|Any CPU
		{902CF0A5-3433-4CF4-AEFB-E1E0E7A5A3F3}.Release|Any CPU.Build.0 = Release|Any CPU
	EndGlobalSection
	GlobalSection(SolutionProperties) = preSolution
		HideSolutionNode = FALSE
	EndGlobalSection
	GlobalSection(NestedProjects) = preSolution
		{1059A7DE-95FA-4F54-85E3-84049E1872D5} = {F3260C54-834F-4C74-A3B7-EAB622AFA492}
		{000ED0CF-EC9C-488C-BE85-14B95FFDF104} = {F3260C54-834F-4C74-A3B7-EAB622AFA492}
		{07CA1F46-21DA-4C22-A8CB-52D526D51C94} = {CF54EDFD-51AB-4B0D-B084-2DF42918BA51}
		{461788B0-072C-485F-82C0-F83CCC86F95D} = {CF54EDFD-51AB-4B0D-B084-2DF42918BA51}
		{1086F24E-32C8-4261-9B06-A364EEE71DEF} = {9BD3CC85-97FD-4093-AA11-58FE405B0F65}
		{1CC20AA4-11F1-4548-9285-FD24D42190FB} = {9BD3CC85-97FD-4093-AA11-58FE405B0F65}
		{22278D91-27D7-4A84-8170-5FFB77A70C1F} = {D639C635-01D1-48C4-89B5-1FD70F1AFEE9}
		{DFC8DC5E-377D-4CCC-A498-5894D891A471} = {705B8FB2-D707-4527-91FC-0AADEDBA4D80}
		{F1EC1E94-C74C-4C37-961C-305CAE7C4707} = {705B8FB2-D707-4527-91FC-0AADEDBA4D80}
		{16DBF49F-3E0C-4CD3-BB6C-1BBAF0D89AC6} = {705B8FB2-D707-4527-91FC-0AADEDBA4D80}
		{762E8B1A-9182-4C5D-A25C-0C0F6219BA4E} = {D639C635-01D1-48C4-89B5-1FD70F1AFEE9}
		{2CB4CF73-0CA8-4595-910C-EDA244EA5983} = {D639C635-01D1-48C4-89B5-1FD70F1AFEE9}
		{2C798994-518D-4EA5-8F8A-3EAA30269F9E} = {D639C635-01D1-48C4-89B5-1FD70F1AFEE9}
		{EC00B2EC-3CF0-43C3-A071-320AD3C355CF} = {A279C2F9-3418-484B-A36E-D1D1C67A0B2D}
		{F7091670-1059-4F4F-AC3A-0B1DE4A724B5} = {A279C2F9-3418-484B-A36E-D1D1C67A0B2D}
		{6B9E6432-A7BB-4487-905A-0C3117398140} = {A279C2F9-3418-484B-A36E-D1D1C67A0B2D}
		{A315C6D7-BEFF-4BD6-9786-88959E579F5D} = {E2EBD5E0-81EC-4720-833C-05ECE1BA84A1}
		{E09ADC19-3E9F-4DD5-AB74-A9EB765ED894} = {E2EBD5E0-81EC-4720-833C-05ECE1BA84A1}
		{A0FA4646-67AC-4310-9BA5-53D2D7CF218F} = {E2EBD5E0-81EC-4720-833C-05ECE1BA84A1}
		{8C81050A-951C-418F-BBA8-76EE0353863C} = {E2EBD5E0-81EC-4720-833C-05ECE1BA84A1}
		{902CF0A5-3433-4CF4-AEFB-E1E0E7A5A3F3} = {E2EBD5E0-81EC-4720-833C-05ECE1BA84A1}
	EndGlobalSection
	GlobalSection(ExtensibilityGlobals) = postSolution
		SolutionGuid = {7D1BF641-26E8-4809-B638-029241C51BE2}
	EndGlobalSection
EndGlobal
