
Microsoft Visual Studio Solution File, Format Version 12.00
# Visual Studio Version 17
VisualStudioVersion = 17.0.31903.59
MinimumVisualStudioVersion = 10.0.40219.1
Project("{2150E333-8FDC-42A3-9474-1A3956D46DE8}") = "bfast", "bfast", "{F3260C54-834F-4C74-A3B7-EAB622AFA492}"
EndProject
Project("{2150E333-8FDC-42A3-9474-1A3956D46DE8}") = "linqarray", "linqarray", "{CF54EDFD-51AB-4B0D-B084-2DF42918BA51}"
EndProject
Project("{9A19103F-16F7-4668-BE54-9A1E7A4F7556}") = "Vim.LinqArray", "linqarray\Vim.LinqArray\Vim.LinqArray.csproj", "{07CA1F46-21DA-4C22-A8CB-52D526D51C94}"
EndProject
Project("{9A19103F-16F7-4668-BE54-9A1E7A4F7556}") = "Vim.LinqArray.Tests", "linqarray\Vim.LinqArray.Tests\Vim.LinqArray.Tests.csproj", "{461788B0-072C-485F-82C0-F83CCC86F95D}"
EndProject
Project("{2150E333-8FDC-42A3-9474-1A3956D46DE8}") = "math3d", "math3d", "{9BD3CC85-97FD-4093-AA11-58FE405B0F65}"
EndProject
Project("{9A19103F-16F7-4668-BE54-9A1E7A4F7556}") = "Vim.Math3D", "math3d\Vim.Math3D\Vim.Math3D.csproj", "{1086F24E-32C8-4261-9B06-A364EEE71DEF}"
EndProject
Project("{9A19103F-16F7-4668-BE54-9A1E7A4F7556}") = "Vim.Math3D.Tests", "math3d\Vim.Math3D.Tests\Vim.Math3D.Tests.csproj", "{1CC20AA4-11F1-4548-9285-FD24D42190FB}"
EndProject
Project("{2150E333-8FDC-42A3-9474-1A3956D46DE8}") = "vim", "vim", "{D639C635-01D1-48C4-89B5-1FD70F1AFEE9}"
EndProject
Project("{9A19103F-16F7-4668-BE54-9A1E7A4F7556}") = "Vim.Format", "vim\Vim.Format\Vim.Format.csproj", "{22278D91-27D7-4A84-8170-5FFB77A70C1F}"
EndProject
Project("{2150E333-8FDC-42A3-9474-1A3956D46DE8}") = "g3d", "g3d", "{705B8FB2-D707-4527-91FC-0AADEDBA4D80}"
EndProject
Project("{9A19103F-16F7-4668-BE54-9A1E7A4F7556}") = "Vim.G3d.Tests", "g3d\Vim.G3d.Tests\Vim.G3d.Tests.csproj", "{DFC8DC5E-377D-4CCC-A498-5894D891A471}"
EndProject
Project("{9A19103F-16F7-4668-BE54-9A1E7A4F7556}") = "Vim.G3d", "g3d\Vim.G3d\Vim.G3d.csproj", "{F1EC1E94-C74C-4C37-961C-305CAE7C4707}"
EndProject
Project("{9A19103F-16F7-4668-BE54-9A1E7A4F7556}") = "Vim.G3d.AssimpWrapper", "g3d\Vim.G3d.AssimpWrapper\Vim.G3d.AssimpWrapper.csproj", "{16DBF49F-3E0C-4CD3-BB6C-1BBAF0D89AC6}"
EndProject
Project("{9A19103F-16F7-4668-BE54-9A1E7A4F7556}") = "Vim.Format.CodeGen", "vim\Vim.Format.CodeGen\Vim.Format.CodeGen.csproj", "{762E8B1A-9182-4C5D-A25C-0C0F6219BA4E}"
EndProject
Project("{9A19103F-16F7-4668-BE54-9A1E7A4F7556}") = "Vim.Format.Tests", "vim\Vim.Format.Tests\Vim.Format.Tests.csproj", "{2CB4CF73-0CA8-4595-910C-EDA244EA5983}"
EndProject
Project("{9A19103F-16F7-4668-BE54-9A1E7A4F7556}") = "Vim.Format.Core", "vim\Vim.Format.Core\Vim.Format.Core.csproj", "{2C798994-518D-4EA5-8F8A-3EAA30269F9E}"
EndProject
Project("{9A19103F-16F7-4668-BE54-9A1E7A4F7556}") = "Vim.Util", "util\Vim.Util\Vim.Util.csproj", "{EC00B2EC-3CF0-43C3-A071-320AD3C355CF}"
EndProject
Project("{9A19103F-16F7-4668-BE54-9A1E7A4F7556}") = "Vim.Util.Tests", "util\Vim.Util.Tests\Vim.Util.Tests.csproj", "{F7091670-1059-4F4F-AC3A-0B1DE4A724B5}"
EndProject
Project("{2150E333-8FDC-42A3-9474-1A3956D46DE8}") = "util", "util", "{A279C2F9-3418-484B-A36E-D1D1C67A0B2D}"
EndProject
Project("{9A19103F-16F7-4668-BE54-9A1E7A4F7556}") = "Vim.Util.Logging.Serilog", "util\Vim.Util.Logging.Serilog\Vim.Util.Logging.Serilog.csproj", "{6B9E6432-A7BB-4487-905A-0C3117398140}"
EndProject
Project("{9A19103F-16F7-4668-BE54-9A1E7A4F7556}") = "Vim.G3dNext", "g3d\Vim.G3dNext\Vim.G3dNext.csproj", "{7A3255D6-444D-46B7-8BBD-ABED88C99009}"
EndProject
Project("{9A19103F-16F7-4668-BE54-9A1E7A4F7556}") = "Vim.G3dNext.Attributes", "g3d\Vim.G3dNext.Attributes\Vim.G3dNext.Attributes.csproj", "{43DD1349-03E9-407F-A52C-8CACC7801F3B}"
EndProject
Project("{9A19103F-16F7-4668-BE54-9A1E7A4F7556}") = "Vim.G3dNext.CodeGen", "g3d\Vim.G3dNext.CodeGen\Vim.G3dNext.CodeGen.csproj", "{F0FFC990-6358-4B17-B878-C6CA087CDF3F}"
EndProject
Project("{9A19103F-16F7-4668-BE54-9A1E7A4F7556}") = "Vim.Format.Vimx", "vim\Vim.Format.Vimx\Vim.Format.Vimx.csproj", "{B5C8E733-8D3F-45BD-BBBE-09A9F1965545}"
EndProject
Project("{9A19103F-16F7-4668-BE54-9A1E7A4F7556}") = "Vim.Format.Vimx.Test", "vim\Vim.Vimx.Test\Vim.Format.Vimx.Test.csproj", "{BBF94CBD-CD39-49F5-979A-5C9E52C29330}"
EndProject
Project("{9A19103F-16F7-4668-BE54-9A1E7A4F7556}") = "Vim.BFastNext", "bfast\Vim.BFast.Next\Vim.BFastNext.csproj", "{408884EA-3CE5-4A34-97F6-1F2D64A0E745}"
EndProject
Project("{9A19103F-16F7-4668-BE54-9A1E7A4F7556}") = "Vim.BFastNext.Tests", "bfast\Vim.BFastNext.Tests\Vim.BFastNext.Tests.csproj", "{FD149D64-5905-4F7D-97A8-9F7DA18A257D}"
EndProject
Project("{9A19103F-16F7-4668-BE54-9A1E7A4F7556}") = "Vim.Format.Vimx.Conversion", "vim\Vim.Format.Vimx.Conversion\Vim.Format.Vimx.Conversion.csproj", "{4C4F9826-0DEF-4A39-BFC8-A834522694A0}"
EndProject
Project("{FAE04EC0-301F-11D3-BF4B-00C04F79EFBC}") = "Vim.BFast.Core", "Vim.BFast.Core\Vim.BFast.Core.csproj", "{7056183C-4DFE-4070-A714-A2AD9F47FA33}"
EndProject
Project("{FAE04EC0-301F-11D3-BF4B-00C04F79EFBC}") = "Vim.Buffers", "Vim.Buffers\Vim.Buffers.csproj", "{BDB05F66-E90A-4DAE-A839-3281EE1338CC}"
EndProject
Global
	GlobalSection(SolutionConfigurationPlatforms) = preSolution
		Debug|Any CPU = Debug|Any CPU
		Release|Any CPU = Release|Any CPU
	EndGlobalSection
	GlobalSection(ProjectConfigurationPlatforms) = postSolution
		{07CA1F46-21DA-4C22-A8CB-52D526D51C94}.Debug|Any CPU.ActiveCfg = Debug|Any CPU
		{07CA1F46-21DA-4C22-A8CB-52D526D51C94}.Debug|Any CPU.Build.0 = Debug|Any CPU
		{07CA1F46-21DA-4C22-A8CB-52D526D51C94}.Release|Any CPU.ActiveCfg = Release|Any CPU
		{07CA1F46-21DA-4C22-A8CB-52D526D51C94}.Release|Any CPU.Build.0 = Release|Any CPU
		{461788B0-072C-485F-82C0-F83CCC86F95D}.Debug|Any CPU.ActiveCfg = Debug|Any CPU
		{461788B0-072C-485F-82C0-F83CCC86F95D}.Debug|Any CPU.Build.0 = Debug|Any CPU
		{461788B0-072C-485F-82C0-F83CCC86F95D}.Release|Any CPU.ActiveCfg = Release|Any CPU
		{461788B0-072C-485F-82C0-F83CCC86F95D}.Release|Any CPU.Build.0 = Release|Any CPU
		{1086F24E-32C8-4261-9B06-A364EEE71DEF}.Debug|Any CPU.ActiveCfg = Debug|Any CPU
		{1086F24E-32C8-4261-9B06-A364EEE71DEF}.Debug|Any CPU.Build.0 = Debug|Any CPU
		{1086F24E-32C8-4261-9B06-A364EEE71DEF}.Release|Any CPU.ActiveCfg = Release|Any CPU
		{1086F24E-32C8-4261-9B06-A364EEE71DEF}.Release|Any CPU.Build.0 = Release|Any CPU
		{1CC20AA4-11F1-4548-9285-FD24D42190FB}.Debug|Any CPU.ActiveCfg = Debug|Any CPU
		{1CC20AA4-11F1-4548-9285-FD24D42190FB}.Debug|Any CPU.Build.0 = Debug|Any CPU
		{1CC20AA4-11F1-4548-9285-FD24D42190FB}.Release|Any CPU.ActiveCfg = Release|Any CPU
		{1CC20AA4-11F1-4548-9285-FD24D42190FB}.Release|Any CPU.Build.0 = Release|Any CPU
		{22278D91-27D7-4A84-8170-5FFB77A70C1F}.Debug|Any CPU.ActiveCfg = Debug|Any CPU
		{22278D91-27D7-4A84-8170-5FFB77A70C1F}.Debug|Any CPU.Build.0 = Debug|Any CPU
		{22278D91-27D7-4A84-8170-5FFB77A70C1F}.Release|Any CPU.ActiveCfg = Release|Any CPU
		{22278D91-27D7-4A84-8170-5FFB77A70C1F}.Release|Any CPU.Build.0 = Release|Any CPU
		{DFC8DC5E-377D-4CCC-A498-5894D891A471}.Debug|Any CPU.ActiveCfg = Debug|Any CPU
		{DFC8DC5E-377D-4CCC-A498-5894D891A471}.Debug|Any CPU.Build.0 = Debug|Any CPU
		{DFC8DC5E-377D-4CCC-A498-5894D891A471}.Release|Any CPU.ActiveCfg = Release|Any CPU
		{DFC8DC5E-377D-4CCC-A498-5894D891A471}.Release|Any CPU.Build.0 = Release|Any CPU
		{F1EC1E94-C74C-4C37-961C-305CAE7C4707}.Debug|Any CPU.ActiveCfg = Debug|Any CPU
		{F1EC1E94-C74C-4C37-961C-305CAE7C4707}.Debug|Any CPU.Build.0 = Debug|Any CPU
		{F1EC1E94-C74C-4C37-961C-305CAE7C4707}.Release|Any CPU.ActiveCfg = Release|Any CPU
		{F1EC1E94-C74C-4C37-961C-305CAE7C4707}.Release|Any CPU.Build.0 = Release|Any CPU
		{16DBF49F-3E0C-4CD3-BB6C-1BBAF0D89AC6}.Debug|Any CPU.ActiveCfg = Debug|Any CPU
		{16DBF49F-3E0C-4CD3-BB6C-1BBAF0D89AC6}.Debug|Any CPU.Build.0 = Debug|Any CPU
		{16DBF49F-3E0C-4CD3-BB6C-1BBAF0D89AC6}.Release|Any CPU.ActiveCfg = Release|Any CPU
		{16DBF49F-3E0C-4CD3-BB6C-1BBAF0D89AC6}.Release|Any CPU.Build.0 = Release|Any CPU
		{762E8B1A-9182-4C5D-A25C-0C0F6219BA4E}.Debug|Any CPU.ActiveCfg = Debug|Any CPU
		{762E8B1A-9182-4C5D-A25C-0C0F6219BA4E}.Debug|Any CPU.Build.0 = Debug|Any CPU
		{762E8B1A-9182-4C5D-A25C-0C0F6219BA4E}.Release|Any CPU.ActiveCfg = Release|Any CPU
		{762E8B1A-9182-4C5D-A25C-0C0F6219BA4E}.Release|Any CPU.Build.0 = Release|Any CPU
		{2CB4CF73-0CA8-4595-910C-EDA244EA5983}.Debug|Any CPU.ActiveCfg = Debug|Any CPU
		{2CB4CF73-0CA8-4595-910C-EDA244EA5983}.Debug|Any CPU.Build.0 = Debug|Any CPU
		{2CB4CF73-0CA8-4595-910C-EDA244EA5983}.Release|Any CPU.ActiveCfg = Release|Any CPU
		{2CB4CF73-0CA8-4595-910C-EDA244EA5983}.Release|Any CPU.Build.0 = Release|Any CPU
		{2C798994-518D-4EA5-8F8A-3EAA30269F9E}.Debug|Any CPU.ActiveCfg = Debug|Any CPU
		{2C798994-518D-4EA5-8F8A-3EAA30269F9E}.Debug|Any CPU.Build.0 = Debug|Any CPU
		{2C798994-518D-4EA5-8F8A-3EAA30269F9E}.Release|Any CPU.ActiveCfg = Release|Any CPU
		{2C798994-518D-4EA5-8F8A-3EAA30269F9E}.Release|Any CPU.Build.0 = Release|Any CPU
		{EC00B2EC-3CF0-43C3-A071-320AD3C355CF}.Debug|Any CPU.ActiveCfg = Debug|Any CPU
		{EC00B2EC-3CF0-43C3-A071-320AD3C355CF}.Debug|Any CPU.Build.0 = Debug|Any CPU
		{EC00B2EC-3CF0-43C3-A071-320AD3C355CF}.Release|Any CPU.ActiveCfg = Release|Any CPU
		{EC00B2EC-3CF0-43C3-A071-320AD3C355CF}.Release|Any CPU.Build.0 = Release|Any CPU
		{F7091670-1059-4F4F-AC3A-0B1DE4A724B5}.Debug|Any CPU.ActiveCfg = Debug|Any CPU
		{F7091670-1059-4F4F-AC3A-0B1DE4A724B5}.Debug|Any CPU.Build.0 = Debug|Any CPU
		{F7091670-1059-4F4F-AC3A-0B1DE4A724B5}.Release|Any CPU.ActiveCfg = Release|Any CPU
		{F7091670-1059-4F4F-AC3A-0B1DE4A724B5}.Release|Any CPU.Build.0 = Release|Any CPU
		{6B9E6432-A7BB-4487-905A-0C3117398140}.Debug|Any CPU.ActiveCfg = Debug|Any CPU
		{6B9E6432-A7BB-4487-905A-0C3117398140}.Debug|Any CPU.Build.0 = Debug|Any CPU
		{6B9E6432-A7BB-4487-905A-0C3117398140}.Release|Any CPU.ActiveCfg = Release|Any CPU
		{6B9E6432-A7BB-4487-905A-0C3117398140}.Release|Any CPU.Build.0 = Release|Any CPU
		{7A3255D6-444D-46B7-8BBD-ABED88C99009}.Debug|Any CPU.ActiveCfg = Debug|Any CPU
		{7A3255D6-444D-46B7-8BBD-ABED88C99009}.Debug|Any CPU.Build.0 = Debug|Any CPU
		{7A3255D6-444D-46B7-8BBD-ABED88C99009}.Release|Any CPU.ActiveCfg = Release|Any CPU
		{7A3255D6-444D-46B7-8BBD-ABED88C99009}.Release|Any CPU.Build.0 = Release|Any CPU
		{43DD1349-03E9-407F-A52C-8CACC7801F3B}.Debug|Any CPU.ActiveCfg = Debug|Any CPU
		{43DD1349-03E9-407F-A52C-8CACC7801F3B}.Debug|Any CPU.Build.0 = Debug|Any CPU
		{43DD1349-03E9-407F-A52C-8CACC7801F3B}.Release|Any CPU.ActiveCfg = Release|Any CPU
		{43DD1349-03E9-407F-A52C-8CACC7801F3B}.Release|Any CPU.Build.0 = Release|Any CPU
		{F0FFC990-6358-4B17-B878-C6CA087CDF3F}.Debug|Any CPU.ActiveCfg = Debug|Any CPU
		{F0FFC990-6358-4B17-B878-C6CA087CDF3F}.Debug|Any CPU.Build.0 = Debug|Any CPU
		{F0FFC990-6358-4B17-B878-C6CA087CDF3F}.Release|Any CPU.ActiveCfg = Release|Any CPU
		{F0FFC990-6358-4B17-B878-C6CA087CDF3F}.Release|Any CPU.Build.0 = Release|Any CPU
		{B5C8E733-8D3F-45BD-BBBE-09A9F1965545}.Debug|Any CPU.ActiveCfg = Debug|Any CPU
		{B5C8E733-8D3F-45BD-BBBE-09A9F1965545}.Debug|Any CPU.Build.0 = Debug|Any CPU
		{B5C8E733-8D3F-45BD-BBBE-09A9F1965545}.Release|Any CPU.ActiveCfg = Release|Any CPU
		{B5C8E733-8D3F-45BD-BBBE-09A9F1965545}.Release|Any CPU.Build.0 = Release|Any CPU
		{BBF94CBD-CD39-49F5-979A-5C9E52C29330}.Debug|Any CPU.ActiveCfg = Debug|Any CPU
		{BBF94CBD-CD39-49F5-979A-5C9E52C29330}.Debug|Any CPU.Build.0 = Debug|Any CPU
		{BBF94CBD-CD39-49F5-979A-5C9E52C29330}.Release|Any CPU.ActiveCfg = Release|Any CPU
		{BBF94CBD-CD39-49F5-979A-5C9E52C29330}.Release|Any CPU.Build.0 = Release|Any CPU
		{408884EA-3CE5-4A34-97F6-1F2D64A0E745}.Debug|Any CPU.ActiveCfg = Debug|Any CPU
		{408884EA-3CE5-4A34-97F6-1F2D64A0E745}.Debug|Any CPU.Build.0 = Debug|Any CPU
		{408884EA-3CE5-4A34-97F6-1F2D64A0E745}.Release|Any CPU.ActiveCfg = Release|Any CPU
		{408884EA-3CE5-4A34-97F6-1F2D64A0E745}.Release|Any CPU.Build.0 = Release|Any CPU
		{FD149D64-5905-4F7D-97A8-9F7DA18A257D}.Debug|Any CPU.ActiveCfg = Debug|Any CPU
		{FD149D64-5905-4F7D-97A8-9F7DA18A257D}.Debug|Any CPU.Build.0 = Debug|Any CPU
		{FD149D64-5905-4F7D-97A8-9F7DA18A257D}.Release|Any CPU.ActiveCfg = Release|Any CPU
		{FD149D64-5905-4F7D-97A8-9F7DA18A257D}.Release|Any CPU.Build.0 = Release|Any CPU
		{4C4F9826-0DEF-4A39-BFC8-A834522694A0}.Debug|Any CPU.ActiveCfg = Debug|Any CPU
		{4C4F9826-0DEF-4A39-BFC8-A834522694A0}.Debug|Any CPU.Build.0 = Debug|Any CPU
		{4C4F9826-0DEF-4A39-BFC8-A834522694A0}.Release|Any CPU.ActiveCfg = Release|Any CPU
		{4C4F9826-0DEF-4A39-BFC8-A834522694A0}.Release|Any CPU.Build.0 = Release|Any CPU
		{7056183C-4DFE-4070-A714-A2AD9F47FA33}.Debug|Any CPU.ActiveCfg = Debug|Any CPU
		{7056183C-4DFE-4070-A714-A2AD9F47FA33}.Debug|Any CPU.Build.0 = Debug|Any CPU
		{7056183C-4DFE-4070-A714-A2AD9F47FA33}.Release|Any CPU.ActiveCfg = Release|Any CPU
		{7056183C-4DFE-4070-A714-A2AD9F47FA33}.Release|Any CPU.Build.0 = Release|Any CPU
		{BDB05F66-E90A-4DAE-A839-3281EE1338CC}.Debug|Any CPU.ActiveCfg = Debug|Any CPU
		{BDB05F66-E90A-4DAE-A839-3281EE1338CC}.Debug|Any CPU.Build.0 = Debug|Any CPU
		{BDB05F66-E90A-4DAE-A839-3281EE1338CC}.Release|Any CPU.ActiveCfg = Release|Any CPU
		{BDB05F66-E90A-4DAE-A839-3281EE1338CC}.Release|Any CPU.Build.0 = Release|Any CPU
	EndGlobalSection
	GlobalSection(SolutionProperties) = preSolution
		HideSolutionNode = FALSE
	EndGlobalSection
	GlobalSection(NestedProjects) = preSolution
		{07CA1F46-21DA-4C22-A8CB-52D526D51C94} = {CF54EDFD-51AB-4B0D-B084-2DF42918BA51}
		{461788B0-072C-485F-82C0-F83CCC86F95D} = {CF54EDFD-51AB-4B0D-B084-2DF42918BA51}
		{1086F24E-32C8-4261-9B06-A364EEE71DEF} = {9BD3CC85-97FD-4093-AA11-58FE405B0F65}
		{1CC20AA4-11F1-4548-9285-FD24D42190FB} = {9BD3CC85-97FD-4093-AA11-58FE405B0F65}
		{22278D91-27D7-4A84-8170-5FFB77A70C1F} = {D639C635-01D1-48C4-89B5-1FD70F1AFEE9}
		{DFC8DC5E-377D-4CCC-A498-5894D891A471} = {705B8FB2-D707-4527-91FC-0AADEDBA4D80}
		{F1EC1E94-C74C-4C37-961C-305CAE7C4707} = {705B8FB2-D707-4527-91FC-0AADEDBA4D80}
		{16DBF49F-3E0C-4CD3-BB6C-1BBAF0D89AC6} = {705B8FB2-D707-4527-91FC-0AADEDBA4D80}
		{762E8B1A-9182-4C5D-A25C-0C0F6219BA4E} = {D639C635-01D1-48C4-89B5-1FD70F1AFEE9}
		{2CB4CF73-0CA8-4595-910C-EDA244EA5983} = {D639C635-01D1-48C4-89B5-1FD70F1AFEE9}
		{2C798994-518D-4EA5-8F8A-3EAA30269F9E} = {D639C635-01D1-48C4-89B5-1FD70F1AFEE9}
		{EC00B2EC-3CF0-43C3-A071-320AD3C355CF} = {A279C2F9-3418-484B-A36E-D1D1C67A0B2D}
		{F7091670-1059-4F4F-AC3A-0B1DE4A724B5} = {A279C2F9-3418-484B-A36E-D1D1C67A0B2D}
		{6B9E6432-A7BB-4487-905A-0C3117398140} = {A279C2F9-3418-484B-A36E-D1D1C67A0B2D}
		{7A3255D6-444D-46B7-8BBD-ABED88C99009} = {705B8FB2-D707-4527-91FC-0AADEDBA4D80}
		{43DD1349-03E9-407F-A52C-8CACC7801F3B} = {705B8FB2-D707-4527-91FC-0AADEDBA4D80}
		{F0FFC990-6358-4B17-B878-C6CA087CDF3F} = {705B8FB2-D707-4527-91FC-0AADEDBA4D80}
		{B5C8E733-8D3F-45BD-BBBE-09A9F1965545} = {D639C635-01D1-48C4-89B5-1FD70F1AFEE9}
		{BBF94CBD-CD39-49F5-979A-5C9E52C29330} = {D639C635-01D1-48C4-89B5-1FD70F1AFEE9}
		{408884EA-3CE5-4A34-97F6-1F2D64A0E745} = {F3260C54-834F-4C74-A3B7-EAB622AFA492}
		{FD149D64-5905-4F7D-97A8-9F7DA18A257D} = {F3260C54-834F-4C74-A3B7-EAB622AFA492}
		{4C4F9826-0DEF-4A39-BFC8-A834522694A0} = {D639C635-01D1-48C4-89B5-1FD70F1AFEE9}
		{7056183C-4DFE-4070-A714-A2AD9F47FA33} = {F3260C54-834F-4C74-A3B7-EAB622AFA492}
		{BDB05F66-E90A-4DAE-A839-3281EE1338CC} = {F3260C54-834F-4C74-A3B7-EAB622AFA492}
	EndGlobalSection
	GlobalSection(ExtensibilityGlobals) = postSolution
		SolutionGuid = {7D1BF641-26E8-4809-B638-029241C51BE2}
	EndGlobalSection
EndGlobal
