# This file is automatically @generated by Cargo.
# It is not intended for manual editing.
version = 3

[[package]]
name = "bfast"
version = "0.1.0"

[[package]]
name = "g3d"
version = "0.1.0"

[[package]]
name = "math3d"
version = "0.1.0"

[[package]]
name = "object_model"
version = "0.1.0"

[[package]]
name = "vim"
version = "0.1.0"

[[package]]
name = "vim_format"
version = "0.1.0"
dependencies = [
 "bfast",
 "g3d",
 "math3d",
 "object_model",
 "vim",
]
